
Microsoft Visual Studio Solution File, Format Version 12.00
# Visual Studio Version 17
VisualStudioVersion = 17.11.35327.3
MinimumVisualStudioVersion = 10.0.40219.1
Project("{2150E333-8FDC-42A3-9474-1A3956D46DE8}") = "src", "src", "{F8619E1F-AAF4-41E3-BD03-2007D7935700}"
EndProject
Project("{2150E333-8FDC-42A3-9474-1A3956D46DE8}") = "Modules", "Modules", "{3EDC0774-4A07-45A6-BA4B-2B7F7BAAD051}"
EndProject
Project("{2150E333-8FDC-42A3-9474-1A3956D46DE8}") = "Catalog", "Catalog", "{A75C3588-4780-4A2F-8833-1EB8A6909F8C}"
EndProject
Project("{2150E333-8FDC-42A3-9474-1A3956D46DE8}") = "Paymnets", "Paymnets", "{3AE1EDD8-88A3-46E4-A913-CF05BEFC3298}"
EndProject
Project("{9A19103F-16F7-4668-BE54-9A1E7A4F7556}") = "Catalog.Application", "Catalog.Application\Catalog.Application.csproj", "{50D119C5-94D6-4F55-9DE9-4CCC6D6493D8}"
EndProject
Project("{9A19103F-16F7-4668-BE54-9A1E7A4F7556}") = "Catalog.Domain", "Catalog.Domain\Catalog.Domain.csproj", "{B4236CCD-C9BE-4722-B370-452DF5AA24E4}"
EndProject
Project("{9A19103F-16F7-4668-BE54-9A1E7A4F7556}") = "Catalog.Infrastructure", "Catalog.Infrastructure\Catalog.Infrastructure.csproj", "{1EEC298C-2D0F-471A-9C54-229F238CDC2D}"
EndProject
Project("{9A19103F-16F7-4668-BE54-9A1E7A4F7556}") = "Payments.Application", "Payments.Application\Payments.Application.csproj", "{7752FDE8-1DB5-4018-8855-06D77D37FEA5}"
EndProject
Project("{9A19103F-16F7-4668-BE54-9A1E7A4F7556}") = "Payments.Domain", "Payments.Domain\Payments.Domain.csproj", "{35AD44F1-BABC-4D17-B3DF-9658C0F44D18}"
EndProject
Project("{9A19103F-16F7-4668-BE54-9A1E7A4F7556}") = "Payments.Infrastructure", "Payments.Infrastructure\Payments.Infrastructure.csproj", "{7D56CBB8-344C-4EA4-8AE1-B0FD4C04E3B8}"
EndProject
Project("{2150E333-8FDC-42A3-9474-1A3956D46DE8}") = "Orders", "Orders", "{89CF1A04-2776-41D4-BE95-542847090E6E}"
EndProject
Project("{9A19103F-16F7-4668-BE54-9A1E7A4F7556}") = "Orders.Application", "Orders.Application\Orders.Application.csproj", "{A7DEFE22-69D3-4A82-A4BF-0BDC0DCC5919}"
EndProject
Project("{9A19103F-16F7-4668-BE54-9A1E7A4F7556}") = "Orders.Domain", "Orders.Domain\Orders.Domain.csproj", "{EFD1DB21-397A-4899-867C-1E727A6EEA40}"
EndProject
Project("{9A19103F-16F7-4668-BE54-9A1E7A4F7556}") = "Orders.Infrastrcture", "Orders.Infrastrcture\Orders.Infrastrcture.csproj", "{0CCF956D-DBCB-43B4-B7BD-8917D8AC04AB}"
EndProject
Project("{2150E333-8FDC-42A3-9474-1A3956D46DE8}") = "Host", "Host", "{EDCFA4DC-208D-48D9-A069-46B65A42581E}"
EndProject
Project("{2150E333-8FDC-42A3-9474-1A3956D46DE8}") = "Shared", "Shared", "{8EF812A0-EEF3-4FE2-8DC9-5DB8DA72C11F}"
EndProject
Project("{9A19103F-16F7-4668-BE54-9A1E7A4F7556}") = "ECommerce.Shared", "ECommerce.Shared\ECommerce.Shared.csproj", "{D9E592AC-46C2-4126-B9CC-1555F955A8D1}"
EndProject
Project("{9A19103F-16F7-4668-BE54-9A1E7A4F7556}") = "Catalog.Api", "Catalog.Api\Catalog.Api.csproj", "{B6696711-61A8-4563-A01D-32F48EA1EF4E}"
EndProject
Project("{FAE04EC0-301F-11D3-BF4B-00C04F79EFBC}") = "Order.Api", "Order.Api\Order.Api.csproj", "{DD16B86E-609B-4891-AA7F-5AA90062E38C}"
EndProject
Project("{FAE04EC0-301F-11D3-BF4B-00C04F79EFBC}") = "Payments.Api", "Payments.Api\Payments.Api.csproj", "{68EE4BD6-2371-411B-9C02-F48410EA0628}"
EndProject
Project("{FAE04EC0-301F-11D3-BF4B-00C04F79EFBC}") = "Ecommerce.Host", "Ecommerce.Host\Ecommerce.Host.csproj", "{A874CBE4-3140-449C-858B-AAC96FEDD8F8}"
EndProject
Global
	GlobalSection(SolutionConfigurationPlatforms) = preSolution
		Debug|Any CPU = Debug|Any CPU
		Release|Any CPU = Release|Any CPU
	EndGlobalSection
	GlobalSection(ProjectConfigurationPlatforms) = postSolution
		{50D119C5-94D6-4F55-9DE9-4CCC6D6493D8}.Debug|Any CPU.ActiveCfg = Debug|Any CPU
		{50D119C5-94D6-4F55-9DE9-4CCC6D6493D8}.Debug|Any CPU.Build.0 = Debug|Any CPU
		{50D119C5-94D6-4F55-9DE9-4CCC6D6493D8}.Release|Any CPU.ActiveCfg = Release|Any CPU
		{50D119C5-94D6-4F55-9DE9-4CCC6D6493D8}.Release|Any CPU.Build.0 = Release|Any CPU
		{B4236CCD-C9BE-4722-B370-452DF5AA24E4}.Debug|Any CPU.ActiveCfg = Debug|Any CPU
		{B4236CCD-C9BE-4722-B370-452DF5AA24E4}.Debug|Any CPU.Build.0 = Debug|Any CPU
		{B4236CCD-C9BE-4722-B370-452DF5AA24E4}.Release|Any CPU.ActiveCfg = Release|Any CPU
		{B4236CCD-C9BE-4722-B370-452DF5AA24E4}.Release|Any CPU.Build.0 = Release|Any CPU
		{1EEC298C-2D0F-471A-9C54-229F238CDC2D}.Debug|Any CPU.ActiveCfg = Debug|Any CPU
		{1EEC298C-2D0F-471A-9C54-229F238CDC2D}.Debug|Any CPU.Build.0 = Debug|Any CPU
		{1EEC298C-2D0F-471A-9C54-229F238CDC2D}.Release|Any CPU.ActiveCfg = Release|Any CPU
		{1EEC298C-2D0F-471A-9C54-229F238CDC2D}.Release|Any CPU.Build.0 = Release|Any CPU
		{7752FDE8-1DB5-4018-8855-06D77D37FEA5}.Debug|Any CPU.ActiveCfg = Debug|Any CPU
		{7752FDE8-1DB5-4018-8855-06D77D37FEA5}.Debug|Any CPU.Build.0 = Debug|Any CPU
		{7752FDE8-1DB5-4018-8855-06D77D37FEA5}.Release|Any CPU.ActiveCfg = Release|Any CPU
		{7752FDE8-1DB5-4018-8855-06D77D37FEA5}.Release|Any CPU.Build.0 = Release|Any CPU
		{35AD44F1-BABC-4D17-B3DF-9658C0F44D18}.Debug|Any CPU.ActiveCfg = Debug|Any CPU
		{35AD44F1-BABC-4D17-B3DF-9658C0F44D18}.Debug|Any CPU.Build.0 = Debug|Any CPU
		{35AD44F1-BABC-4D17-B3DF-9658C0F44D18}.Release|Any CPU.ActiveCfg = Release|Any CPU
		{35AD44F1-BABC-4D17-B3DF-9658C0F44D18}.Release|Any CPU.Build.0 = Release|Any CPU
		{7D56CBB8-344C-4EA4-8AE1-B0FD4C04E3B8}.Debug|Any CPU.ActiveCfg = Debug|Any CPU
		{7D56CBB8-344C-4EA4-8AE1-B0FD4C04E3B8}.Debug|Any CPU.Build.0 = Debug|Any CPU
		{7D56CBB8-344C-4EA4-8AE1-B0FD4C04E3B8}.Release|Any CPU.ActiveCfg = Release|Any CPU
		{7D56CBB8-344C-4EA4-8AE1-B0FD4C04E3B8}.Release|Any CPU.Build.0 = Release|Any CPU
		{A7DEFE22-69D3-4A82-A4BF-0BDC0DCC5919}.Debug|Any CPU.ActiveCfg = Debug|Any CPU
		{A7DEFE22-69D3-4A82-A4BF-0BDC0DCC5919}.Debug|Any CPU.Build.0 = Debug|Any CPU
		{A7DEFE22-69D3-4A82-A4BF-0BDC0DCC5919}.Release|Any CPU.ActiveCfg = Release|Any CPU
		{A7DEFE22-69D3-4A82-A4BF-0BDC0DCC5919}.Release|Any CPU.Build.0 = Release|Any CPU
		{EFD1DB21-397A-4899-867C-1E727A6EEA40}.Debug|Any CPU.ActiveCfg = Debug|Any CPU
		{EFD1DB21-397A-4899-867C-1E727A6EEA40}.Debug|Any CPU.Build.0 = Debug|Any CPU
		{EFD1DB21-397A-4899-867C-1E727A6EEA40}.Release|Any CPU.ActiveCfg = Release|Any CPU
		{EFD1DB21-397A-4899-867C-1E727A6EEA40}.Release|Any CPU.Build.0 = Release|Any CPU
		{0CCF956D-DBCB-43B4-B7BD-8917D8AC04AB}.Debug|Any CPU.ActiveCfg = Debug|Any CPU
		{0CCF956D-DBCB-43B4-B7BD-8917D8AC04AB}.Debug|Any CPU.Build.0 = Debug|Any CPU
		{0CCF956D-DBCB-43B4-B7BD-8917D8AC04AB}.Release|Any CPU.ActiveCfg = Release|Any CPU
		{0CCF956D-DBCB-43B4-B7BD-8917D8AC04AB}.Release|Any CPU.Build.0 = Release|Any CPU
		{D9E592AC-46C2-4126-B9CC-1555F955A8D1}.Debug|Any CPU.ActiveCfg = Debug|Any CPU
		{D9E592AC-46C2-4126-B9CC-1555F955A8D1}.Debug|Any CPU.Build.0 = Debug|Any CPU
		{D9E592AC-46C2-4126-B9CC-1555F955A8D1}.Release|Any CPU.ActiveCfg = Release|Any CPU
		{D9E592AC-46C2-4126-B9CC-1555F955A8D1}.Release|Any CPU.Build.0 = Release|Any CPU
		{B6696711-61A8-4563-A01D-32F48EA1EF4E}.Debug|Any CPU.ActiveCfg = Debug|Any CPU
		{B6696711-61A8-4563-A01D-32F48EA1EF4E}.Debug|Any CPU.Build.0 = Debug|Any CPU
		{B6696711-61A8-4563-A01D-32F48EA1EF4E}.Release|Any CPU.ActiveCfg = Release|Any CPU
		{B6696711-61A8-4563-A01D-32F48EA1EF4E}.Release|Any CPU.Build.0 = Release|Any CPU
		{DD16B86E-609B-4891-AA7F-5AA90062E38C}.Debug|Any CPU.ActiveCfg = Debug|Any CPU
		{DD16B86E-609B-4891-AA7F-5AA90062E38C}.Debug|Any CPU.Build.0 = Debug|Any CPU
		{DD16B86E-609B-4891-AA7F-5AA90062E38C}.Release|Any CPU.ActiveCfg = Release|Any CPU
		{DD16B86E-609B-4891-AA7F-5AA90062E38C}.Release|Any CPU.Build.0 = Release|Any CPU
		{68EE4BD6-2371-411B-9C02-F48410EA0628}.Debug|Any CPU.ActiveCfg = Debug|Any CPU
		{68EE4BD6-2371-411B-9C02-F48410EA0628}.Debug|Any CPU.Build.0 = Debug|Any CPU
		{68EE4BD6-2371-411B-9C02-F48410EA0628}.Release|Any CPU.ActiveCfg = Release|Any CPU
		{68EE4BD6-2371-411B-9C02-F48410EA0628}.Release|Any CPU.Build.0 = Release|Any CPU
		{A874CBE4-3140-449C-858B-AAC96FEDD8F8}.Debug|Any CPU.ActiveCfg = Debug|Any CPU
		{A874CBE4-3140-449C-858B-AAC96FEDD8F8}.Debug|Any CPU.Build.0 = Debug|Any CPU
		{A874CBE4-3140-449C-858B-AAC96FEDD8F8}.Release|Any CPU.ActiveCfg = Release|Any CPU
		{A874CBE4-3140-449C-858B-AAC96FEDD8F8}.Release|Any CPU.Build.0 = Release|Any CPU
	EndGlobalSection
	GlobalSection(SolutionProperties) = preSolution
		HideSolutionNode = FALSE
	EndGlobalSection
	GlobalSection(NestedProjects) = preSolution
		{3EDC0774-4A07-45A6-BA4B-2B7F7BAAD051} = {F8619E1F-AAF4-41E3-BD03-2007D7935700}
		{A75C3588-4780-4A2F-8833-1EB8A6909F8C} = {3EDC0774-4A07-45A6-BA4B-2B7F7BAAD051}
		{3AE1EDD8-88A3-46E4-A913-CF05BEFC3298} = {3EDC0774-4A07-45A6-BA4B-2B7F7BAAD051}
		{50D119C5-94D6-4F55-9DE9-4CCC6D6493D8} = {A75C3588-4780-4A2F-8833-1EB8A6909F8C}
		{B4236CCD-C9BE-4722-B370-452DF5AA24E4} = {A75C3588-4780-4A2F-8833-1EB8A6909F8C}
		{1EEC298C-2D0F-471A-9C54-229F238CDC2D} = {A75C3588-4780-4A2F-8833-1EB8A6909F8C}
		{7752FDE8-1DB5-4018-8855-06D77D37FEA5} = {3AE1EDD8-88A3-46E4-A913-CF05BEFC3298}
		{35AD44F1-BABC-4D17-B3DF-9658C0F44D18} = {3AE1EDD8-88A3-46E4-A913-CF05BEFC3298}
		{7D56CBB8-344C-4EA4-8AE1-B0FD4C04E3B8} = {3AE1EDD8-88A3-46E4-A913-CF05BEFC3298}
		{89CF1A04-2776-41D4-BE95-542847090E6E} = {3EDC0774-4A07-45A6-BA4B-2B7F7BAAD051}
		{A7DEFE22-69D3-4A82-A4BF-0BDC0DCC5919} = {89CF1A04-2776-41D4-BE95-542847090E6E}
		{EFD1DB21-397A-4899-867C-1E727A6EEA40} = {89CF1A04-2776-41D4-BE95-542847090E6E}
		{0CCF956D-DBCB-43B4-B7BD-8917D8AC04AB} = {89CF1A04-2776-41D4-BE95-542847090E6E}
		{EDCFA4DC-208D-48D9-A069-46B65A42581E} = {F8619E1F-AAF4-41E3-BD03-2007D7935700}
		{8EF812A0-EEF3-4FE2-8DC9-5DB8DA72C11F} = {F8619E1F-AAF4-41E3-BD03-2007D7935700}
		{D9E592AC-46C2-4126-B9CC-1555F955A8D1} = {8EF812A0-EEF3-4FE2-8DC9-5DB8DA72C11F}
		{B6696711-61A8-4563-A01D-32F48EA1EF4E} = {A75C3588-4780-4A2F-8833-1EB8A6909F8C}
		{DD16B86E-609B-4891-AA7F-5AA90062E38C} = {89CF1A04-2776-41D4-BE95-542847090E6E}
		{68EE4BD6-2371-411B-9C02-F48410EA0628} = {3AE1EDD8-88A3-46E4-A913-CF05BEFC3298}
		{A874CBE4-3140-449C-858B-AAC96FEDD8F8} = {EDCFA4DC-208D-48D9-A069-46B65A42581E}
	EndGlobalSection
	GlobalSection(ExtensibilityGlobals) = postSolution
		SolutionGuid = {FD556AA6-4530-4265-B346-E74A3B4CC862}
	EndGlobalSection
EndGlobal
